Microsoft Visual Studio Solution File, Format Version 12.00
# Visual Studio Version 17
VisualStudioVersion = 17.5.2.0
MinimumVisualStudioVersion = 10.0.40219.1
Project("{FAE04EC0-301F-11D3-BF4B-00C04F79EFBC}") = "BizumAPI", "BizumAPI\BizumAPI.csproj", "{214CD14E-3561-9756-213D-F06C4E06470B}"
EndProject
Global
	GlobalSection(SolutionConfigurationPlatforms) = preSolution
		Debug|Any CPU = Debug|Any CPU
		Release|Any CPU = Release|Any CPU
	EndGlobalSection
	GlobalSection(ProjectConfigurationPlatforms) = postSolution
		{214CD14E-3561-9756-213D-F06C4E06470B}.Debug|Any CPU.ActiveCfg = Debug|Any CPU
		{214CD14E-3561-9756-213D-F06C4E06470B}.Debug|Any CPU.Build.0 = Debug|Any CPU
		{214CD14E-3561-9756-213D-F06C4E06470B}.Release|Any CPU.ActiveCfg = Release|Any CPU
		{214CD14E-3561-9756-213D-F06C4E06470B}.Release|Any CPU.Build.0 = Release|Any CPU
	EndGlobalSection
	GlobalSection(SolutionProperties) = preSolution
		HideSolutionNode = FALSE
	EndGlobalSection
	GlobalSection(ExtensibilityGlobals) = postSolution
		SolutionGuid = {70C431AE-17A9-43F9-9814-725AF2DB8076}
	EndGlobalSection
EndGlobal
